// !$*UTF8*$!
{
	archiveVersion = 1;
	classes = {
	};
	objectVersion = 46;
	objects = {

/* Begin PBXBuildFile section */
		042EF1AE1E5294260003F826 /* libpng.a in Frameworks */ = {isa = PBXBuildFile; fileRef = 042EF1A81E5294260003F826 /* libpng.a */; };
		042EF1B11E5294CD0003F826 /* PngUtil.c in Sources */ = {isa = PBXBuildFile; fileRef = 042EF1AF1E5294CD0003F826 /* PngUtil.c */; };
		042EF1B41E529ADA0003F826 /* libz.tbd in Frameworks */ = {isa = PBXBuildFile; fileRef = 042EF1B31E529ADA0003F826 /* libz.tbd */; };
		046107431E53E38E006DA324 /* expand_frag.glsl in Resources */ = {isa = PBXBuildFile; fileRef = 046107411E53E38E006DA324 /* expand_frag.glsl */; };
		046107441E53E38E006DA324 /* expand_vert.glsl in Resources */ = {isa = PBXBuildFile; fileRef = 046107421E53E38E006DA324 /* expand_vert.glsl */; };
		046107471E53E642006DA324 /* corrode_frag.glsl in Resources */ = {isa = PBXBuildFile; fileRef = 046107451E53E642006DA324 /* corrode_frag.glsl */; };
		046107481E53E642006DA324 /* corrode_vert.glsl in Resources */ = {isa = PBXBuildFile; fileRef = 046107461E53E642006DA324 /* corrode_vert.glsl */; };
		0461074B1E53E6DC006DA324 /* blur_frag.glsl in Resources */ = {isa = PBXBuildFile; fileRef = 046107491E53E6DC006DA324 /* blur_frag.glsl */; };
		0461074C1E53E6DC006DA324 /* blur_vert.glsl in Resources */ = {isa = PBXBuildFile; fileRef = 0461074A1E53E6DC006DA324 /* blur_vert.glsl */; };
		B98A111E1E51A29700E6E179 /* main.m in Sources */ = {isa = PBXBuildFile; fileRef = B98A111D1E51A29700E6E179 /* main.m */; };
		B98A11211E51A29700E6E179 /* AppDelegate.m in Sources */ = {isa = PBXBuildFile; fileRef = B98A11201E51A29700E6E179 /* AppDelegate.m */; };
		B98A11241E51A29700E6E179 /* ViewController.m in Sources */ = {isa = PBXBuildFile; fileRef = B98A11231E51A29700E6E179 /* ViewController.m */; };
		B98A11271E51A29700E6E179 /* Main.storyboard in Resources */ = {isa = PBXBuildFile; fileRef = B98A11251E51A29700E6E179 /* Main.storyboard */; };
		B98A11291E51A29700E6E179 /* Assets.xcassets in Resources */ = {isa = PBXBuildFile; fileRef = B98A11281E51A29700E6E179 /* Assets.xcassets */; };
		B98A112C1E51A29700E6E179 /* LaunchScreen.storyboard in Resources */ = {isa = PBXBuildFile; fileRef = B98A112A1E51A29700E6E179 /* LaunchScreen.storyboard */; };
		B98A11371E51A29700E6E179 /* OpenGLES06_________Tests.m in Sources */ = {isa = PBXBuildFile; fileRef = B98A11361E51A29700E6E179 /* OpenGLES06_________Tests.m */; };
		B98A11421E51A29700E6E179 /* OpenGLES06_________UITests.m in Sources */ = {isa = PBXBuildFile; fileRef = B98A11411E51A29700E6E179 /* OpenGLES06_________UITests.m */; };
		B98A11721E51A2C300E6E179 /* OpenGLESView.m in Sources */ = {isa = PBXBuildFile; fileRef = B98A11501E51A2C300E6E179 /* OpenGLESView.m */; };
		B98A11731E51A2C300E6E179 /* frag.glsl in Resources */ = {isa = PBXBuildFile; fileRef = B98A11521E51A2C300E6E179 /* frag.glsl */; };
		B98A11741E51A2C300E6E179 /* vert.glsl in Resources */ = {isa = PBXBuildFile; fileRef = B98A11531E51A2C300E6E179 /* vert.glsl */; };
		B98A11751E51A2C300E6E179 /* GLUtil.c in Sources */ = {isa = PBXBuildFile; fileRef = B98A11551E51A2C300E6E179 /* GLUtil.c */; };
		B98A11761E51A2C300E6E179 /* JpegUtil.c in Sources */ = {isa = PBXBuildFile; fileRef = B98A11631E51A2C300E6E179 /* JpegUtil.c */; };
		B98A117C1E51A2C300E6E179 /* libjpeg.a in Frameworks */ = {isa = PBXBuildFile; fileRef = B98A11711E51A2C300E6E179 /* libjpeg.a */; };
		B98A117E1E51A32100E6E179 /* wood.jpg in Resources */ = {isa = PBXBuildFile; fileRef = B98A117D1E51A32100E6E179 /* wood.jpg */; };
		B9B8192D1E51D68B009758DB /* TextureUtil.c in Sources */ = {isa = PBXBuildFile; fileRef = B9B8192B1E51D68B009758DB /* TextureUtil.c */; };
/* End PBXBuildFile section */

/* Begin PBXContainerItemProxy section */
		B98A11331E51A29700E6E179 /* PBXContainerItemProxy */ = {
			isa = PBXContainerItemProxy;
			containerPortal = B98A11111E51A29700E6E179 /* Project object */;
			proxyType = 1;
			remoteGlobalIDString = B98A11181E51A29700E6E179;
			remoteInfo = "OpenGLES06-图像膨胀腐蚀模糊";
		};
		B98A113E1E51A29700E6E179 /* PBXContainerItemProxy */ = {
			isa = PBXContainerItemProxy;
			containerPortal = B98A11111E51A29700E6E179 /* Project object */;
			proxyType = 1;
			remoteGlobalIDString = B98A11181E51A29700E6E179;
			remoteInfo = "OpenGLES06-图像膨胀腐蚀模糊";
		};
/* End PBXContainerItemProxy section */

/* Begin PBXFileReference section */
		042EF1991E5294260003F826 /* png.h */ = {isa = PBXFileReference; fileEncoding = 4; lastKnownFileType = sourcecode.c.h; path = png.h; sourceTree = "<group>"; };
		042EF19A1E5294260003F826 /* pngconf.h */ = {isa = PBXFileReference; fileEncoding = 4; lastKnownFileType = sourcecode.c.h; path = pngconf.h; sourceTree = "<group>"; };
		042EF19B1E5294260003F826 /* pnglibconf.h */ = {isa = PBXFileReference; fileEncoding = 4; lastKnownFileType = sourcecode.c.h; path = pnglibconf.h; sourceTree = "<group>"; };
		042EF1A81E5294260003F826 /* libpng.a */ = {isa = PBXFileReference; lastKnownFileType = archive.ar; path = libpng.a; sourceTree = "<group>"; };
		042EF1AF1E5294CD0003F826 /* PngUtil.c */ = {isa = PBXFileReference; fileEncoding = 4; lastKnownFileType = sourcecode.c.c; path = PngUtil.c; sourceTree = "<group>"; };
		042EF1B01E5294CD0003F826 /* PngUtil.h */ = {isa = PBXFileReference; fileEncoding = 4; lastKnownFileType = sourcecode.c.h; path = PngUtil.h; sourceTree = "<group>"; };
		042EF1B31E529ADA0003F826 /* libz.tbd */ = {isa = PBXFileReference; lastKnownFileType = "sourcecode.text-based-dylib-definition"; name = libz.tbd; path = usr/lib/libz.tbd; sourceTree = SDKROOT; };
		046107411E53E38E006DA324 /* expand_frag.glsl */ = {isa = PBXFileReference; fileEncoding = 4; lastKnownFileType = text; path = expand_frag.glsl; sourceTree = "<group>"; };
		046107421E53E38E006DA324 /* expand_vert.glsl */ = {isa = PBXFileReference; fileEncoding = 4; lastKnownFileType = text; path = expand_vert.glsl; sourceTree = "<group>"; };
		046107451E53E642006DA324 /* corrode_frag.glsl */ = {isa = PBXFileReference; fileEncoding = 4; lastKnownFileType = text; path = corrode_frag.glsl; sourceTree = "<group>"; };
		046107461E53E642006DA324 /* corrode_vert.glsl */ = {isa = PBXFileReference; fileEncoding = 4; lastKnownFileType = text; path = corrode_vert.glsl; sourceTree = "<group>"; };
		046107491E53E6DC006DA324 /* blur_frag.glsl */ = {isa = PBXFileReference; fileEncoding = 4; lastKnownFileType = text; path = blur_frag.glsl; sourceTree = "<group>"; };
		0461074A1E53E6DC006DA324 /* blur_vert.glsl */ = {isa = PBXFileReference; fileEncoding = 4; lastKnownFileType = text; path = blur_vert.glsl; sourceTree = "<group>"; };
		B98A11191E51A29700E6E179 /* OpenGLES06-图像膨胀腐蚀模糊.app */ = {isa = PBXFileReference; explicitFileType = wrapper.application; includeInIndex = 0; path = "OpenGLES06-图像膨胀腐蚀模糊.app"; sourceTree = BUILT_PRODUCTS_DIR; };
		B98A111D1E51A29700E6E179 /* main.m */ = {isa = PBXFileReference; lastKnownFileType = sourcecode.c.objc; path = main.m; sourceTree = "<group>"; };
		B98A111F1E51A29700E6E179 /* AppDelegate.h */ = {isa = PBXFileReference; lastKnownFileType = sourcecode.c.h; path = AppDelegate.h; sourceTree = "<group>"; };
		B98A11201E51A29700E6E179 /* AppDelegate.m */ = {isa = PBXFileReference; lastKnownFileType = sourcecode.c.objc; path = AppDelegate.m; sourceTree = "<group>"; };
		B98A11221E51A29700E6E179 /* ViewController.h */ = {isa = PBXFileReference; lastKnownFileType = sourcecode.c.h; path = ViewController.h; sourceTree = "<group>"; };
		B98A11231E51A29700E6E179 /* ViewController.m */ = {isa = PBXFileReference; lastKnownFileType = sourcecode.c.objc; path = ViewController.m; sourceTree = "<group>"; };
		B98A11261E51A29700E6E179 /* Base */ = {isa = PBXFileReference; lastKnownFileType = file.storyboard; name = Base; path = Base.lproj/Main.storyboard; sourceTree = "<group>"; };
		B98A11281E51A29700E6E179 /* Assets.xcassets */ = {isa = PBXFileReference; lastKnownFileType = folder.assetcatalog; path = Assets.xcassets; sourceTree = "<group>"; };
		B98A112B1E51A29700E6E179 /* Base */ = {isa = PBXFileReference; lastKnownFileType = file.storyboard; name = Base; path = Base.lproj/LaunchScreen.storyboard; sourceTree = "<group>"; };
		B98A112D1E51A29700E6E179 /* Info.plist */ = {isa = PBXFileReference; lastKnownFileType = text.plist.xml; path = Info.plist; sourceTree = "<group>"; };
		B98A11321E51A29700E6E179 /* OpenGLES06-图像膨胀腐蚀模糊Tests.xctest */ = {isa = PBXFileReference; explicitFileType = wrapper.cfbundle; includeInIndex = 0; path = "OpenGLES06-图像膨胀腐蚀模糊Tests.xctest"; sourceTree = BUILT_PRODUCTS_DIR; };
		B98A11361E51A29700E6E179 /* OpenGLES06_________Tests.m */ = {isa = PBXFileReference; lastKnownFileType = sourcecode.c.objc; path = "OpenGLES06_________Tests.m"; sourceTree = "<group>"; };
		B98A11381E51A29700E6E179 /* Info.plist */ = {isa = PBXFileReference; lastKnownFileType = text.plist.xml; path = Info.plist; sourceTree = "<group>"; };
		B98A113D1E51A29700E6E179 /* OpenGLES06-图像膨胀腐蚀模糊UITests.xctest */ = {isa = PBXFileReference; explicitFileType = wrapper.cfbundle; includeInIndex = 0; path = "OpenGLES06-图像膨胀腐蚀模糊UITests.xctest"; sourceTree = BUILT_PRODUCTS_DIR; };
		B98A11411E51A29700E6E179 /* OpenGLES06_________UITests.m */ = {isa = PBXFileReference; lastKnownFileType = sourcecode.c.objc; path = "OpenGLES06_________UITests.m"; sourceTree = "<group>"; };
		B98A11431E51A29700E6E179 /* Info.plist */ = {isa = PBXFileReference; lastKnownFileType = text.plist.xml; path = Info.plist; sourceTree = "<group>"; };
		B98A114F1E51A2C300E6E179 /* OpenGLESView.h */ = {isa = PBXFileReference; fileEncoding = 4; lastKnownFileType = sourcecode.c.h; path = OpenGLESView.h; sourceTree = "<group>"; };
		B98A11501E51A2C300E6E179 /* OpenGLESView.m */ = {isa = PBXFileReference; fileEncoding = 4; lastKnownFileType = sourcecode.c.objc; path = OpenGLESView.m; sourceTree = "<group>"; };
		B98A11521E51A2C300E6E179 /* frag.glsl */ = {isa = PBXFileReference; fileEncoding = 4; lastKnownFileType = text; path = frag.glsl; sourceTree = "<group>"; };
		B98A11531E51A2C300E6E179 /* vert.glsl */ = {isa = PBXFileReference; fileEncoding = 4; lastKnownFileType = text; path = vert.glsl; sourceTree = "<group>"; };
		B98A11551E51A2C300E6E179 /* GLUtil.c */ = {isa = PBXFileReference; fileEncoding = 4; lastKnownFileType = sourcecode.c.c; path = GLUtil.c; sourceTree = "<group>"; };
		B98A11561E51A2C300E6E179 /* GLUtil.h */ = {isa = PBXFileReference; fileEncoding = 4; lastKnownFileType = sourcecode.c.h; path = GLUtil.h; sourceTree = "<group>"; };
		B98A115F1E51A2C300E6E179 /* jconfig.h */ = {isa = PBXFileReference; fileEncoding = 4; lastKnownFileType = sourcecode.c.h; path = jconfig.h; sourceTree = "<group>"; };
		B98A11601E51A2C300E6E179 /* jerror.h */ = {isa = PBXFileReference; fileEncoding = 4; lastKnownFileType = sourcecode.c.h; path = jerror.h; sourceTree = "<group>"; };
		B98A11611E51A2C300E6E179 /* jmorecfg.h */ = {isa = PBXFileReference; fileEncoding = 4; lastKnownFileType = sourcecode.c.h; path = jmorecfg.h; sourceTree = "<group>"; };
		B98A11621E51A2C300E6E179 /* jpeglib.h */ = {isa = PBXFileReference; fileEncoding = 4; lastKnownFileType = sourcecode.c.h; path = jpeglib.h; sourceTree = "<group>"; };
		B98A11631E51A2C300E6E179 /* JpegUtil.c */ = {isa = PBXFileReference; fileEncoding = 4; lastKnownFileType = sourcecode.c.c; path = JpegUtil.c; sourceTree = "<group>"; };
		B98A11641E51A2C300E6E179 /* JpegUtil.h */ = {isa = PBXFileReference; fileEncoding = 4; lastKnownFileType = sourcecode.c.h; path = JpegUtil.h; sourceTree = "<group>"; };
		B98A11711E51A2C300E6E179 /* libjpeg.a */ = {isa = PBXFileReference; lastKnownFileType = archive.ar; path = libjpeg.a; sourceTree = "<group>"; };
		B98A117D1E51A32100E6E179 /* wood.jpg */ = {isa = PBXFileReference; lastKnownFileType = image.jpeg; path = wood.jpg; sourceTree = "<group>"; };
		B9B8192B1E51D68B009758DB /* TextureUtil.c */ = {isa = PBXFileReference; fileEncoding = 4; lastKnownFileType = sourcecode.c.c; path = TextureUtil.c; sourceTree = "<group>"; };
		B9B8192C1E51D68B009758DB /* TextureUtil.h */ = {isa = PBXFileReference; fileEncoding = 4; lastKnownFileType = sourcecode.c.h; path = TextureUtil.h; sourceTree = "<group>"; };
/* End PBXFileReference section */

/* Begin PBXFrameworksBuildPhase section */
		B98A11161E51A29700E6E179 /* Frameworks */ = {
			isa = PBXFrameworksBuildPhase;
			buildActionMask = 2147483647;
			files = (
				042EF1B41E529ADA0003F826 /* libz.tbd in Frameworks */,
				B98A117C1E51A2C300E6E179 /* libjpeg.a in Frameworks */,
				042EF1AE1E5294260003F826 /* libpng.a in Frameworks */,
			);
			runOnlyForDeploymentPostprocessing = 0;
		};
		B98A112F1E51A29700E6E179 /* Frameworks */ = {
			isa = PBXFrameworksBuildPhase;
			buildActionMask = 2147483647;
			files = (
			);
			runOnlyForDeploymentPostprocessing = 0;
		};
		B98A113A1E51A29700E6E179 /* Frameworks */ = {
			isa = PBXFrameworksBuildPhase;
			buildActionMask = 2147483647;
			files = (
			);
			runOnlyForDeploymentPostprocessing = 0;
		};
/* End PBXFrameworksBuildPhase section */

/* Begin PBXGroup section */
		042EF1921E5294260003F826 /* png */ = {
			isa = PBXGroup;
			children = (
				042EF1B01E5294CD0003F826 /* PngUtil.h */,
				042EF1AF1E5294CD0003F826 /* PngUtil.c */,
				042EF1931E5294260003F826 /* include */,
				042EF19C1E5294260003F826 /* prebuilt */,
			);
			path = png;
			sourceTree = "<group>";
		};
		042EF1931E5294260003F826 /* include */ = {
			isa = PBXGroup;
			children = (
				042EF1981E5294260003F826 /* ios */,
			);
			path = include;
			sourceTree = "<group>";
		};
		042EF1981E5294260003F826 /* ios */ = {
			isa = PBXGroup;
			children = (
				042EF1991E5294260003F826 /* png.h */,
				042EF19A1E5294260003F826 /* pngconf.h */,
				042EF19B1E5294260003F826 /* pnglibconf.h */,
			);
			path = ios;
			sourceTree = "<group>";
		};
		042EF19C1E5294260003F826 /* prebuilt */ = {
			isa = PBXGroup;
			children = (
				042EF1A71E5294260003F826 /* ios */,
			);
			path = prebuilt;
			sourceTree = "<group>";
		};
		042EF1A71E5294260003F826 /* ios */ = {
			isa = PBXGroup;
			children = (
				042EF1A81E5294260003F826 /* libpng.a */,
			);
			path = ios;
			sourceTree = "<group>";
		};
		042EF1B21E529ADA0003F826 /* Frameworks */ = {
			isa = PBXGroup;
			children = (
				042EF1B31E529ADA0003F826 /* libz.tbd */,
			);
			name = Frameworks;
			sourceTree = "<group>";
		};
		B98A11101E51A29700E6E179 = {
			isa = PBXGroup;
			children = (
				B98A111B1E51A29700E6E179 /* OpenGLES06-图像膨胀腐蚀模糊 */,
				B98A11351E51A29700E6E179 /* OpenGLES06-图像膨胀腐蚀模糊Tests */,
				B98A11401E51A29700E6E179 /* OpenGLES06-图像膨胀腐蚀模糊UITests */,
				B98A111A1E51A29700E6E179 /* Products */,
				042EF1B21E529ADA0003F826 /* Frameworks */,
			);
			sourceTree = "<group>";
		};
		B98A111A1E51A29700E6E179 /* Products */ = {
			isa = PBXGroup;
			children = (
				B98A11191E51A29700E6E179 /* OpenGLES06-图像膨胀腐蚀模糊.app */,
				B98A11321E51A29700E6E179 /* OpenGLES06-图像膨胀腐蚀模糊Tests.xctest */,
				B98A113D1E51A29700E6E179 /* OpenGLES06-图像膨胀腐蚀模糊UITests.xctest */,
			);
			name = Products;
			sourceTree = "<group>";
		};
		B98A111B1E51A29700E6E179 /* OpenGLES06-图像膨胀腐蚀模糊 */ = {
			isa = PBXGroup;
			children = (
				B98A11541E51A2C300E6E179 /* Utils */,
				B98A11511E51A2C300E6E179 /* Shader */,
				B98A111F1E51A29700E6E179 /* AppDelegate.h */,
				B98A11201E51A29700E6E179 /* AppDelegate.m */,
				B98A11221E51A29700E6E179 /* ViewController.h */,
				B98A11231E51A29700E6E179 /* ViewController.m */,
				B98A114F1E51A2C300E6E179 /* OpenGLESView.h */,
				B98A11501E51A2C300E6E179 /* OpenGLESView.m */,
				B98A117D1E51A32100E6E179 /* wood.jpg */,
				B98A11251E51A29700E6E179 /* Main.storyboard */,
				B98A11281E51A29700E6E179 /* Assets.xcassets */,
				B98A112A1E51A29700E6E179 /* LaunchScreen.storyboard */,
				B98A112D1E51A29700E6E179 /* Info.plist */,
				B98A111C1E51A29700E6E179 /* Supporting Files */,
			);
			path = "OpenGLES06-图像膨胀腐蚀模糊";
			sourceTree = "<group>";
		};
		B98A111C1E51A29700E6E179 /* Supporting Files */ = {
			isa = PBXGroup;
			children = (
				B98A111D1E51A29700E6E179 /* main.m */,
			);
			name = "Supporting Files";
			sourceTree = "<group>";
		};
		B98A11351E51A29700E6E179 /* OpenGLES06-图像膨胀腐蚀模糊Tests */ = {
			isa = PBXGroup;
			children = (
				B98A11361E51A29700E6E179 /* OpenGLES06_________Tests.m */,
				B98A11381E51A29700E6E179 /* Info.plist */,
			);
			path = "OpenGLES06-图像膨胀腐蚀模糊Tests";
			sourceTree = "<group>";
		};
		B98A11401E51A29700E6E179 /* OpenGLES06-图像膨胀腐蚀模糊UITests */ = {
			isa = PBXGroup;
			children = (
				B98A11411E51A29700E6E179 /* OpenGLES06_________UITests.m */,
				B98A11431E51A29700E6E179 /* Info.plist */,
			);
			path = "OpenGLES06-图像膨胀腐蚀模糊UITests";
			sourceTree = "<group>";
		};
		B98A11511E51A2C300E6E179 /* Shader */ = {
			isa = PBXGroup;
			children = (
				0461074A1E53E6DC006DA324 /* blur_vert.glsl */,
				046107491E53E6DC006DA324 /* blur_frag.glsl */,
				046107461E53E642006DA324 /* corrode_vert.glsl */,
				046107451E53E642006DA324 /* corrode_frag.glsl */,
				046107421E53E38E006DA324 /* expand_vert.glsl */,
				046107411E53E38E006DA324 /* expand_frag.glsl */,
				B98A11531E51A2C300E6E179 /* vert.glsl */,
				B98A11521E51A2C300E6E179 /* frag.glsl */,
			);
			path = Shader;
			sourceTree = "<group>";
		};
		B98A11541E51A2C300E6E179 /* Utils */ = {
			isa = PBXGroup;
			children = (
				B98A11571E51A2C300E6E179 /* jpeg */,
				042EF1921E5294260003F826 /* png */,
				B9B8192C1E51D68B009758DB /* TextureUtil.h */,
				B9B8192B1E51D68B009758DB /* TextureUtil.c */,
				B98A11551E51A2C300E6E179 /* GLUtil.c */,
				B98A11561E51A2C300E6E179 /* GLUtil.h */,
			);
			path = Utils;
			sourceTree = "<group>";
		};
		B98A11571E51A2C300E6E179 /* jpeg */ = {
			isa = PBXGroup;
			children = (
				B98A11641E51A2C300E6E179 /* JpegUtil.h */,
				B98A11631E51A2C300E6E179 /* JpegUtil.c */,
				B98A11581E51A2C300E6E179 /* include */,
				B98A11651E51A2C300E6E179 /* prebuilt */,
			);
			path = jpeg;
			sourceTree = "<group>";
		};
		B98A11581E51A2C300E6E179 /* include */ = {
			isa = PBXGroup;
			children = (
				B98A115E1E51A2C300E6E179 /* ios */,
			);
			path = include;
			sourceTree = "<group>";
		};
		B98A115E1E51A2C300E6E179 /* ios */ = {
			isa = PBXGroup;
			children = (
				B98A115F1E51A2C300E6E179 /* jconfig.h */,
				B98A11601E51A2C300E6E179 /* jerror.h */,
				B98A11611E51A2C300E6E179 /* jmorecfg.h */,
				B98A11621E51A2C300E6E179 /* jpeglib.h */,
			);
			path = ios;
			sourceTree = "<group>";
		};
		B98A11651E51A2C300E6E179 /* prebuilt */ = {
			isa = PBXGroup;
			children = (
				B98A11701E51A2C300E6E179 /* ios */,
			);
			path = prebuilt;
			sourceTree = "<group>";
		};
		B98A11701E51A2C300E6E179 /* ios */ = {
			isa = PBXGroup;
			children = (
				B98A11711E51A2C300E6E179 /* libjpeg.a */,
			);
			path = ios;
			sourceTree = "<group>";
		};
/* End PBXGroup section */

/* Begin PBXNativeTarget section */
		B98A11181E51A29700E6E179 /* OpenGLES06-图像膨胀腐蚀模糊 */ = {
			isa = PBXNativeTarget;
			buildConfigurationList = B98A11461E51A29700E6E179 /* Build configuration list for PBXNativeTarget "OpenGLES06-图像膨胀腐蚀模糊" */;
			buildPhases = (
				B98A11151E51A29700E6E179 /* Sources */,
				B98A11161E51A29700E6E179 /* Frameworks */,
				B98A11171E51A29700E6E179 /* Resources */,
			);
			buildRules = (
			);
			dependencies = (
			);
			name = "OpenGLES06-图像膨胀腐蚀模糊";
			productName = "OpenGLES06-图像膨胀腐蚀模糊";
			productReference = B98A11191E51A29700E6E179 /* OpenGLES06-图像膨胀腐蚀模糊.app */;
			productType = "com.apple.product-type.application";
		};
		B98A11311E51A29700E6E179 /* OpenGLES06-图像膨胀腐蚀模糊Tests */ = {
			isa = PBXNativeTarget;
			buildConfigurationList = B98A11491E51A29700E6E179 /* Build configuration list for PBXNativeTarget "OpenGLES06-图像膨胀腐蚀模糊Tests" */;
			buildPhases = (
				B98A112E1E51A29700E6E179 /* Sources */,
				B98A112F1E51A29700E6E179 /* Frameworks */,
				B98A11301E51A29700E6E179 /* Resources */,
			);
			buildRules = (
			);
			dependencies = (
				B98A11341E51A29700E6E179 /* PBXTargetDependency */,
			);
			name = "OpenGLES06-图像膨胀腐蚀模糊Tests";
			productName = "OpenGLES06-图像膨胀腐蚀模糊Tests";
			productReference = B98A11321E51A29700E6E179 /* OpenGLES06-图像膨胀腐蚀模糊Tests.xctest */;
			productType = "com.apple.product-type.bundle.unit-test";
		};
		B98A113C1E51A29700E6E179 /* OpenGLES06-图像膨胀腐蚀模糊UITests */ = {
			isa = PBXNativeTarget;
			buildConfigurationList = B98A114C1E51A29700E6E179 /* Build configuration list for PBXNativeTarget "OpenGLES06-图像膨胀腐蚀模糊UITests" */;
			buildPhases = (
				B98A11391E51A29700E6E179 /* Sources */,
				B98A113A1E51A29700E6E179 /* Frameworks */,
				B98A113B1E51A29700E6E179 /* Resources */,
			);
			buildRules = (
			);
			dependencies = (
				B98A113F1E51A29700E6E179 /* PBXTargetDependency */,
			);
			name = "OpenGLES06-图像膨胀腐蚀模糊UITests";
			productName = "OpenGLES06-图像膨胀腐蚀模糊UITests";
			productReference = B98A113D1E51A29700E6E179 /* OpenGLES06-图像膨胀腐蚀模糊UITests.xctest */;
			productType = "com.apple.product-type.bundle.ui-testing";
		};
/* End PBXNativeTarget section */

/* Begin PBXProject section */
		B98A11111E51A29700E6E179 /* Project object */ = {
			isa = PBXProject;
			attributes = {
				LastUpgradeCheck = 0810;
				ORGANIZATIONNAME = qinmin;
				TargetAttributes = {
					B98A11181E51A29700E6E179 = {
						CreatedOnToolsVersion = 8.1;
						DevelopmentTeam = BQWKD37TRB;
						ProvisioningStyle = Manual;
					};
					B98A11311E51A29700E6E179 = {
						CreatedOnToolsVersion = 8.1;
						DevelopmentTeam = SP96U9X4RF;
						ProvisioningStyle = Automatic;
						TestTargetID = B98A11181E51A29700E6E179;
					};
					B98A113C1E51A29700E6E179 = {
						CreatedOnToolsVersion = 8.1;
						DevelopmentTeam = SP96U9X4RF;
						ProvisioningStyle = Automatic;
						TestTargetID = B98A11181E51A29700E6E179;
					};
				};
			};
			buildConfigurationList = B98A11141E51A29700E6E179 /* Build configuration list for PBXProject "OpenGLES06-图像膨胀腐蚀模糊" */;
			compatibilityVersion = "Xcode 3.2";
			developmentRegion = English;
			hasScannedForEncodings = 0;
			knownRegions = (
				en,
				Base,
			);
			mainGroup = B98A11101E51A29700E6E179;
			productRefGroup = B98A111A1E51A29700E6E179 /* Products */;
			projectDirPath = "";
			projectRoot = "";
			targets = (
				B98A11181E51A29700E6E179 /* OpenGLES06-图像膨胀腐蚀模糊 */,
				B98A11311E51A29700E6E179 /* OpenGLES06-图像膨胀腐蚀模糊Tests */,
				B98A113C1E51A29700E6E179 /* OpenGLES06-图像膨胀腐蚀模糊UITests */,
			);
		};
/* End PBXProject section */

/* Begin PBXResourcesBuildPhase section */
		B98A11171E51A29700E6E179 /* Resources */ = {
			isa = PBXResourcesBuildPhase;
			buildActionMask = 2147483647;
			files = (
				B98A112C1E51A29700E6E179 /* LaunchScreen.storyboard in Resources */,
				046107441E53E38E006DA324 /* expand_vert.glsl in Resources */,
				0461074B1E53E6DC006DA324 /* blur_frag.glsl in Resources */,
				B98A11731E51A2C300E6E179 /* frag.glsl in Resources */,
				B98A11291E51A29700E6E179 /* Assets.xcassets in Resources */,
				B98A11741E51A2C300E6E179 /* vert.glsl in Resources */,
				046107431E53E38E006DA324 /* expand_frag.glsl in Resources */,
				B98A117E1E51A32100E6E179 /* wood.jpg in Resources */,
				046107481E53E642006DA324 /* corrode_vert.glsl in Resources */,
				046107471E53E642006DA324 /* corrode_frag.glsl in Resources */,
				B98A11271E51A29700E6E179 /* Main.storyboard in Resources */,
				0461074C1E53E6DC006DA324 /* blur_vert.glsl in Resources */,
			);
			runOnlyForDeploymentPostprocessing = 0;
		};
		B98A11301E51A29700E6E179 /* Resources */ = {
			isa = PBXResourcesBuildPhase;
			buildActionMask = 2147483647;
			files = (
			);
			runOnlyForDeploymentPostprocessing = 0;
		};
		B98A113B1E51A29700E6E179 /* Resources */ = {
			isa = PBXResourcesBuildPhase;
			buildActionMask = 2147483647;
			files = (
			);
			runOnlyForDeploymentPostprocessing = 0;
		};
/* End PBXResourcesBuildPhase section */

/* Begin PBXSourcesBuildPhase section */
		B98A11151E51A29700E6E179 /* Sources */ = {
			isa = PBXSourcesBuildPhase;
			buildActionMask = 2147483647;
			files = (
				B9B8192D1E51D68B009758DB /* TextureUtil.c in Sources */,
				B98A11751E51A2C300E6E179 /* GLUtil.c in Sources */,
				B98A11761E51A2C300E6E179 /* JpegUtil.c in Sources */,
				B98A11241E51A29700E6E179 /* ViewController.m in Sources */,
				B98A11721E51A2C300E6E179 /* OpenGLESView.m in Sources */,
				042EF1B11E5294CD0003F826 /* PngUtil.c in Sources */,
				B98A11211E51A29700E6E179 /* AppDelegate.m in Sources */,
				B98A111E1E51A29700E6E179 /* main.m in Sources */,
			);
			runOnlyForDeploymentPostprocessing = 0;
		};
		B98A112E1E51A29700E6E179 /* Sources */ = {
			isa = PBXSourcesBuildPhase;
			buildActionMask = 2147483647;
			files = (
				B98A11371E51A29700E6E179 /* OpenGLES06_________Tests.m in Sources */,
			);
			runOnlyForDeploymentPostprocessing = 0;
		};
		B98A11391E51A29700E6E179 /* Sources */ = {
			isa = PBXSourcesBuildPhase;
			buildActionMask = 2147483647;
			files = (
				B98A11421E51A29700E6E179 /* OpenGLES06_________UITests.m in Sources */,
			);
			runOnlyForDeploymentPostprocessing = 0;
		};
/* End PBXSourcesBuildPhase section */

/* Begin PBXTargetDependency section */
		B98A11341E51A29700E6E179 /* PBXTargetDependency */ = {
			isa = PBXTargetDependency;
			target = B98A11181E51A29700E6E179 /* OpenGLES06-图像膨胀腐蚀模糊 */;
			targetProxy = B98A11331E51A29700E6E179 /* PBXContainerItemProxy */;
		};
		B98A113F1E51A29700E6E179 /* PBXTargetDependency */ = {
			isa = PBXTargetDependency;
			target = B98A11181E51A29700E6E179 /* OpenGLES06-图像膨胀腐蚀模糊 */;
			targetProxy = B98A113E1E51A29700E6E179 /* PBXContainerItemProxy */;
		};
/* End PBXTargetDependency section */

/* Begin PBXVariantGroup section */
		B98A11251E51A29700E6E179 /* Main.storyboard */ = {
			isa = PBXVariantGroup;
			children = (
				B98A11261E51A29700E6E179 /* Base */,
			);
			name = Main.storyboard;
			sourceTree = "<group>";
		};
		B98A112A1E51A29700E6E179 /* LaunchScreen.storyboard */ = {
			isa = PBXVariantGroup;
			children = (
				B98A112B1E51A29700E6E179 /* Base */,
			);
			name = LaunchScreen.storyboard;
			sourceTree = "<group>";
		};
/* End PBXVariantGroup section */

/* Begin XCBuildConfiguration section */
		B98A11441E51A29700E6E179 /* Debug */ = {
			isa = XCBuildConfiguration;
			buildSettings = {
				ALWAYS_SEARCH_USER_PATHS = NO;
				CLANG_ANALYZER_NONNULL = YES;
				CLANG_CXX_LANGUAGE_STANDARD = "gnu++0x";
				CLANG_CXX_LIBRARY = "libc++";
				CLANG_ENABLE_MODULES = YES;
				CLANG_ENABLE_OBJC_ARC = YES;
				CLANG_WARN_BOOL_CONVERSION = YES;
				CLANG_WARN_CONSTANT_CONVERSION = YES;
				CLANG_WARN_DIRECT_OBJC_ISA_USAGE = YES_ERROR;
				CLANG_WARN_DOCUMENTATION_COMMENTS = YES;
				CLANG_WARN_EMPTY_BODY = YES;
				CLANG_WARN_ENUM_CONVERSION = YES;
				CLANG_WARN_INFINITE_RECURSION = YES;
				CLANG_WARN_INT_CONVERSION = YES;
				CLANG_WARN_OBJC_ROOT_CLASS = YES_ERROR;
				CLANG_WARN_SUSPICIOUS_MOVES = YES;
				CLANG_WARN_UNREACHABLE_CODE = YES;
				CLANG_WARN__DUPLICATE_METHOD_MATCH = YES;
				"CODE_SIGN_IDENTITY[sdk=iphoneos*]" = "iPhone Developer";
				COPY_PHASE_STRIP = NO;
				DEBUG_INFORMATION_FORMAT = dwarf;
				ENABLE_STRICT_OBJC_MSGSEND = YES;
				ENABLE_TESTABILITY = YES;
				GCC_C_LANGUAGE_STANDARD = gnu99;
				GCC_DYNAMIC_NO_PIC = NO;
				GCC_NO_COMMON_BLOCKS = YES;
				GCC_OPTIMIZATION_LEVEL = 0;
				GCC_PREPROCESSOR_DEFINITIONS = (
					"DEBUG=1",
					"$(inherited)",
				);
				GCC_WARN_64_TO_32_BIT_CONVERSION = YES;
				GCC_WARN_ABOUT_RETURN_TYPE = YES_ERROR;
				GCC_WARN_UNDECLARED_SELECTOR = YES;
				GCC_WARN_UNINITIALIZED_AUTOS = YES_AGGRESSIVE;
				GCC_WARN_UNUSED_FUNCTION = YES;
				GCC_WARN_UNUSED_VARIABLE = YES;
				IPHONEOS_DEPLOYMENT_TARGET = 10.1;
				MTL_ENABLE_DEBUG_INFO = YES;
				ONLY_ACTIVE_ARCH = YES;
				SDKROOT = iphoneos;
			};
			name = Debug;
		};
		B98A11451E51A29700E6E179 /* Release */ = {
			isa = XCBuildConfiguration;
			buildSettings = {
				ALWAYS_SEARCH_USER_PATHS = NO;
				CLANG_ANALYZER_NONNULL = YES;
				CLANG_CXX_LANGUAGE_STANDARD = "gnu++0x";
				CLANG_CXX_LIBRARY = "libc++";
				CLANG_ENABLE_MODULES = YES;
				CLANG_ENABLE_OBJC_ARC = YES;
				CLANG_WARN_BOOL_CONVERSION = YES;
				CLANG_WARN_CONSTANT_CONVERSION = YES;
				CLANG_WARN_DIRECT_OBJC_ISA_USAGE = YES_ERROR;
				CLANG_WARN_DOCUMENTATION_COMMENTS = YES;
				CLANG_WARN_EMPTY_BODY = YES;
				CLANG_WARN_ENUM_CONVERSION = YES;
				CLANG_WARN_INFINITE_RECURSION = YES;
				CLANG_WARN_INT_CONVERSION = YES;
				CLANG_WARN_OBJC_ROOT_CLASS = YES_ERROR;
				CLANG_WARN_SUSPICIOUS_MOVES = YES;
				CLANG_WARN_UNREACHABLE_CODE = YES;
				CLANG_WARN__DUPLICATE_METHOD_MATCH = YES;
				"CODE_SIGN_IDENTITY[sdk=iphoneos*]" = "iPhone Developer";
				COPY_PHASE_STRIP = NO;
				DEBUG_INFORMATION_FORMAT = "dwarf-with-dsym";
				ENABLE_NS_ASSERTIONS = NO;
				ENABLE_STRICT_OBJC_MSGSEND = YES;
				GCC_C_LANGUAGE_STANDARD = gnu99;
				GCC_NO_COMMON_BLOCKS = YES;
				GCC_WARN_64_TO_32_BIT_CONVERSION = YES;
				GCC_WARN_ABOUT_RETURN_TYPE = YES_ERROR;
				GCC_WARN_UNDECLARED_SELECTOR = YES;
				GCC_WARN_UNINITIALIZED_AUTOS = YES_AGGRESSIVE;
				GCC_WARN_UNUSED_FUNCTION = YES;
				GCC_WARN_UNUSED_VARIABLE = YES;
				IPHONEOS_DEPLOYMENT_TARGET = 10.1;
				MTL_ENABLE_DEBUG_INFO = NO;
				SDKROOT = iphoneos;
				VALIDATE_PRODUCT = YES;
			};
			name = Release;
		};
		B98A11471E51A29700E6E179 /* Debug */ = {
			isa = XCBuildConfiguration;
			buildSettings = {
				ASSETCATALOG_COMPILER_APPICON_NAME = AppIcon;
				"CODE_SIGN_IDENTITY[sdk=iphoneos*]" = "iPhone Distribution";
				DEVELOPMENT_TEAM = BQWKD37TRB;
				INFOPLIST_FILE = "OpenGLES06-图像膨胀腐蚀模糊/Info.plist";
				IPHONEOS_DEPLOYMENT_TARGET = 8.0;
				LD_RUNPATH_SEARCH_PATHS = "$(inherited) @executable_path/Frameworks";
				LIBRARY_SEARCH_PATHS = (
					"$(inherited)",
					"$(PROJECT_DIR)/OpenGLES06-图像膨胀腐蚀模糊/Utils/jpeg/prebuilt/ios",
					"$(PROJECT_DIR)/OpenGLES06-图像膨胀腐蚀模糊/Utils/png/prebuilt/ios",
				);
				PRODUCT_BUNDLE_IDENTIFIER = "com.shanhujiang.OpenGLES06---------";
				PRODUCT_NAME = "$(TARGET_NAME)";
				PROVISIONING_PROFILE = "e494eac0-1dea-4c2f-af5f-54e12f698f9d";
				PROVISIONING_PROFILE_SPECIFIER = com.lkgame.scmj;
			};
			name = Debug;
		};
		B98A11481E51A29700E6E179 /* Release */ = {
			isa = XCBuildConfiguration;
			buildSettings = {
				ASSETCATALOG_COMPILER_APPICON_NAME = AppIcon;
				DEVELOPMENT_TEAM = "";
				INFOPLIST_FILE = "OpenGLES06-图像膨胀腐蚀模糊/Info.plist";
				IPHONEOS_DEPLOYMENT_TARGET = 8.0;
				LD_RUNPATH_SEARCH_PATHS = "$(inherited) @executable_path/Frameworks";
				LIBRARY_SEARCH_PATHS = (
					"$(inherited)",
					"$(PROJECT_DIR)/OpenGLES06-图像膨胀腐蚀模糊/Utils/jpeg/prebuilt/ios",
					"$(PROJECT_DIR)/OpenGLES06-图像膨胀腐蚀模糊/Utils/png/prebuilt/ios",
				);
				PRODUCT_BUNDLE_IDENTIFIER = "com.shanhujiang.OpenGLES06---------";
				PRODUCT_NAME = "$(TARGET_NAME)";
			};
			name = Release;
		};
		B98A114A1E51A29700E6E179 /* Debug */ = {
			isa = XCBuildConfiguration;
			buildSettings = {
				BUNDLE_LOADER = "$(TEST_HOST)";
				DEVELOPMENT_TEAM = SP96U9X4RF;
				INFOPLIST_FILE = "OpenGLES06-图像膨胀腐蚀模糊Tests/Info.plist";
				LD_RUNPATH_SEARCH_PATHS = "$(inherited) @executable_path/Frameworks @loader_path/Frameworks";
				PRODUCT_BUNDLE_IDENTIFIER = "com.shanhujiang.OpenGLES06---------Tests";
				PRODUCT_NAME = "$(TARGET_NAME)";
				TEST_HOST = "$(BUILT_PRODUCTS_DIR)/OpenGLES06-图像膨胀腐蚀模糊.app/OpenGLES06-图像膨胀腐蚀模糊";
			};
			name = Debug;
		};
		B98A114B1E51A29700E6E179 /* Release */ = {
			isa = XCBuildConfiguration;
			buildSettings = {
				BUNDLE_LOADER = "$(TEST_HOST)";
				DEVELOPMENT_TEAM = SP96U9X4RF;
				INFOPLIST_FILE = "OpenGLES06-图像膨胀腐蚀模糊Tests/Info.plist";
				LD_RUNPATH_SEARCH_PATHS = "$(inherited) @executable_path/Frameworks @loader_path/Frameworks";
				PRODUCT_BUNDLE_IDENTIFIER = "com.shanhujiang.OpenGLES06---------Tests";
				PRODUCT_NAME = "$(TARGET_NAME)";
				TEST_HOST = "$(BUILT_PRODUCTS_DIR)/OpenGLES06-图像膨胀腐蚀模糊.app/OpenGLES06-图像膨胀腐蚀模糊";
			};
			name = Release;
		};
		B98A114D1E51A29700E6E179 /* Debug */ = {
			isa = XCBuildConfiguration;
			buildSettings = {
				DEVELOPMENT_TEAM = SP96U9X4RF;
				INFOPLIST_FILE = "OpenGLES06-图像膨胀腐蚀模糊UITests/Info.plist";
				LD_RUNPATH_SEARCH_PATHS = "$(inherited) @executable_path/Frameworks @loader_path/Frameworks";
				PRODUCT_BUNDLE_IDENTIFIER = "com.shanhujiang.OpenGLES06---------UITests";
				PRODUCT_NAME = "$(TARGET_NAME)";
				TEST_TARGET_NAME = "OpenGLES06-图像膨胀腐蚀模糊";
			};
			name = Debug;
		};
		B98A114E1E51A29700E6E179 /* Release */ = {
			isa = XCBuildConfiguration;
			buildSettings = {
				DEVELOPMENT_TEAM = SP96U9X4RF;
				INFOPLIST_FILE = "OpenGLES06-图像膨胀腐蚀模糊UITests/Info.plist";
				LD_RUNPATH_SEARCH_PATHS = "$(inherited) @executable_path/Frameworks @loader_path/Frameworks";
				PRODUCT_BUNDLE_IDENTIFIER = "com.shanhujiang.OpenGLES06---------UITests";
				PRODUCT_NAME = "$(TARGET_NAME)";
				TEST_TARGET_NAME = "OpenGLES06-图像膨胀腐蚀模糊";
			};
			name = Release;
		};
/* End XCBuildConfiguration section */

/* Begin XCConfigurationList section */
		B98A11141E51A29700E6E179 /* Build configuration list for PBXProject "OpenGLES06-图像膨胀腐蚀模糊" */ = {
			isa = XCConfigurationList;
			buildConfigurations = (
				B98A11441E51A29700E6E179 /* Debug */,
				B98A11451E51A29700E6E179 /* Release */,
			);
			defaultConfigurationIsVisible = 0;
			defaultConfigurationName = Release;
		};
		B98A11461E51A29700E6E179 /* Build configuration list for PBXNativeTarget "OpenGLES06-图像膨胀腐蚀模糊" */ = {
			isa = XCConfigurationList;
			buildConfigurations = (
				B98A11471E51A29700E6E179 /* Debug */,
				B98A11481E51A29700E6E179 /* Release */,
			);
			defaultConfigurationIsVisible = 0;
			defaultConfigurationName = Release;
		};
		B98A11491E51A29700E6E179 /* Build configuration list for PBXNativeTarget "OpenGLES06-图像膨胀腐蚀模糊Tests" */ = {
			isa = XCConfigurationList;
			buildConfigurations = (
				B98A114A1E51A29700E6E179 /* Debug */,
				B98A114B1E51A29700E6E179 /* Release */,
			);
			defaultConfigurationIsVisible = 0;
			defaultConfigurationName = Release;
		};
		B98A114C1E51A29700E6E179 /* Build configuration list for PBXNativeTarget "OpenGLES06-图像膨胀腐蚀模糊UITests" */ = {
			isa = XCConfigurationList;
			buildConfigurations = (
				B98A114D1E51A29700E6E179 /* Debug */,
				B98A114E1E51A29700E6E179 /* Release */,
			);
			defaultConfigurationIsVisible = 0;
			defaultConfigurationName = Release;
		};
/* End XCConfigurationList section */
	};
	rootObject = B98A11111E51A29700E6E179 /* Project object */;
}
